
Microsoft Visual Studio Solution File, Format Version 12.00
# Visual Studio Version 17
VisualStudioVersion = 17.7.34031.279
MinimumVisualStudioVersion = 10.0.40219.1
Project("{D2ABAB84-BF74-430A-B69E-9DC6D40DDA17}") = "Lab12", "Lab12\Lab12.dwproj", "{7CC41D39-EDA6-4E42-8DE8-6186C644B244}"
EndProject
Global
	GlobalSection(SolutionConfigurationPlatforms) = preSolution
		Development|Default = Development|Default
	EndGlobalSection
	GlobalSection(ProjectConfigurationPlatforms) = postSolution
		{7CC41D39-EDA6-4E42-8DE8-6186C644B244}.Development|Default.ActiveCfg = Development
		{7CC41D39-EDA6-4E42-8DE8-6186C644B244}.Development|Default.Build.0 = Development
		{7CC41D39-EDA6-4E42-8DE8-6186C644B244}.Development|Default.Deploy.0 = Development
	EndGlobalSection
	GlobalSection(SolutionProperties) = preSolution
		HideSolutionNode = FALSE
	EndGlobalSection
	GlobalSection(ExtensibilityGlobals) = postSolution
		SolutionGuid = {51F011B2-B8F3-4505-9D12-485D46668E9D}
	EndGlobalSection
EndGlobal
